# @generated by Move, please check-in and do not edit manually.

[move]
version = 3
manifest_digest = "40E7A913FAF491B1E64E66298DA0D3077F907DF914C31C44BAF20778EAC05AD0"
deps_digest = "3C4103934B1E040BB6B23F1D610B4EF9F2F1166A50A104EADCF77467C004C600"
dependencies = [
  { id = "MoveStdlib", name = "MoveStdlib" },
  { id = "Sui", name = "Sui" },
]

[[move.package]]
id = "MoveStdlib"
source = { local = "../../../../crates/starcoin-bridge-framework/packages/move-stdlib" }

[[move.package]]
id = "Sui"
source = { local = "../../../../crates/starcoin-bridge-framework/packages/starcoin-bridge-framework" }

dependencies = [
  { id = "MoveStdlib", name = "MoveStdlib" },
]

[move.toolchain-version]
compiler-version = "1.60.0"
edition = "legacy"
flavor = "sui"

[env]

[env.localnet]
chain-id = "b2025d60"
original-published-id = "0xe1a1453d4be7ac5c99469a443b360a71d997d40988820a9e9a6fbb55a5797c55"
latest-published-id = "0xe1a1453d4be7ac5c99469a443b360a71d997d40988820a9e9a6fbb55a5797c55"
published-version = "1"
