# @generated by Move, please check-in and do not edit manually.

[move]
version = 3
manifest_digest = "25E061D80A6BEDE41C1E04960552EACE08699C55D6D4250AA5602A2965F50FCC"
deps_digest = "3C4103934B1E040BB6B23F1D610B4EF9F2F1166A50A104EADCF77467C004C600"
dependencies = [
  { id = "MoveStdlib", name = "MoveStdlib" },
  { id = "Sui", name = "Sui" },
]

[[move.package]]
id = "MoveStdlib"
source = { local = "../../../../crates/starcoin-bridge-framework/packages/move-stdlib" }

[[move.package]]
id = "Sui"
source = { local = "../../../../crates/starcoin-bridge-framework/packages/starcoin-bridge-framework" }

dependencies = [
  { id = "MoveStdlib", name = "MoveStdlib" },
]

[move.toolchain-version]
compiler-version = "1.60.0"
edition = "legacy"
flavor = "sui"

[env]

[env.localnet]
chain-id = "b2025d60"
original-published-id = "0xf5eadb1ac5e68978a69d353505ea327a9ecfaefaeb822bcd3658bf821560155e"
latest-published-id = "0xf5eadb1ac5e68978a69d353505ea327a9ecfaefaeb822bcd3658bf821560155e"
published-version = "1"
