# @generated by Move, please check-in and do not edit manually.

[move]
version = 3
manifest_digest = "433B49B75EBFF39AF45147329580588F50923EA6BA4F6B901EB4A774760E3859"
deps_digest = "3C4103934B1E040BB6B23F1D610B4EF9F2F1166A50A104EADCF77467C004C600"
dependencies = [
  { id = "MoveStdlib", name = "MoveStdlib" },
  { id = "Sui", name = "Sui" },
]

[[move.package]]
id = "MoveStdlib"
source = { local = "../../../../crates/starcoin-bridge-framework/packages/move-stdlib" }

[[move.package]]
id = "Sui"
source = { local = "../../../../crates/starcoin-bridge-framework/packages/starcoin-bridge-framework" }

dependencies = [
  { id = "MoveStdlib", name = "MoveStdlib" },
]

[move.toolchain-version]
compiler-version = "1.60.0"
edition = "legacy"
flavor = "sui"

[env]

[env.localnet]
chain-id = "b2025d60"
original-published-id = "0xbbed19c9970180ec68b6d37295adb9c6c95dd9e254d6637b24240e5f1a21f07d"
latest-published-id = "0xbbed19c9970180ec68b6d37295adb9c6c95dd9e254d6637b24240e5f1a21f07d"
published-version = "1"
