# @generated by Move, please check-in and do not edit manually.

[move]
version = 3
manifest_digest = "727E80AE9EC73C81810C41C56EE3B9A6791124BF4609DB8818075A69C2569F3B"
deps_digest = "3C4103934B1E040BB6B23F1D610B4EF9F2F1166A50A104EADCF77467C004C600"
dependencies = [
  { id = "MoveStdlib", name = "MoveStdlib" },
  { id = "Sui", name = "Sui" },
]

[[move.package]]
id = "MoveStdlib"
source = { local = "../../../../crates/starcoin-bridge-framework/packages/move-stdlib" }

[[move.package]]
id = "Sui"
source = { local = "../../../../crates/starcoin-bridge-framework/packages/starcoin-bridge-framework" }

dependencies = [
  { id = "MoveStdlib", name = "MoveStdlib" },
]

[move.toolchain-version]
compiler-version = "1.60.0"
edition = "legacy"
flavor = "sui"

[env]

[env.localnet]
chain-id = "b2025d60"
original-published-id = "0x87ef188b7ce949863192f68d1087a8ebb184eca3e515558fb73ec19a1d5d63c9"
latest-published-id = "0x87ef188b7ce949863192f68d1087a8ebb184eca3e515558fb73ec19a1d5d63c9"
published-version = "1"
